PODS:
  - Flutter (1.0.0)
  - native_app_token (0.0.1):
    - Flutter

DEPENDENCIES:
  - Flutter (from `Flutter`)
  - native_app_token (from `.symlinks/plugins/native_app_token/ios`)

EXTERNAL SOURCES:
  Flutter:
    :path: Flutter
  native_app_token:
    :path: ".symlinks/plugins/native_app_token/ios"

SPEC CHECKSUMS:
  Flutter: 434fef37c0980e73bb6479ef766c45957d4b510c
  native_app_token: ac6c512ffec6ff385254799ca9e19f648253c226

PODFILE CHECKSUM: aafe91acc616949ddb318b77800a7f51bffa2a4c

COCOAPODS: 1.10.1
